
Microsoft Visual Studio Solution File, Format Version 12.00
# Visual Studio 14
VisualStudioVersion = 14.0.25420.1
MinimumVisualStudioVersion = 10.0.40219.1
Project("{2150E333-8FDC-42A3-9474-1A3956D46DE8}") = "src", "src", "{0E806203-5DCF-4EF5-9334-68FE44745723}"
EndProject
Project("{2150E333-8FDC-42A3-9474-1A3956D46DE8}") = "Solution Items", "Solution Items", "{E28B02D9-9091-434E-8F22-8C6F66326FFB}"
	ProjectSection(SolutionItems) = preProject
		global.json = global.json
	EndProjectSection
EndProject
Project("{8BB2217D-0F2D-49D1-97BC-3654ED321F3B}") = "Sahara", "src\Sahara\Sahara.xproj", "{C95D1FD4-3AB2-47D6-814E-CCA2147FFE0F}"
EndProject
Project("{8BB2217D-0F2D-49D1-97BC-3654ED321F3B}") = "Sahara.Tests", "src\Sahara.Tests\Sahara.Tests.xproj", "{1551F7E9-C685-46F2-AA8D-73A3E0E48DEB}"
EndProject
Global
	GlobalSection(SolutionConfigurationPlatforms) = preSolution
		Debug|Any CPU = Debug|Any CPU
		Release|Any CPU = Release|Any CPU
	EndGlobalSection
	GlobalSection(ProjectConfigurationPlatforms) = postSolution
		{C95D1FD4-3AB2-47D6-814E-CCA2147FFE0F}.Debug|Any CPU.ActiveCfg = Debug|Any CPU
		{C95D1FD4-3AB2-47D6-814E-CCA2147FFE0F}.Debug|Any CPU.Build.0 = Debug|Any CPU
		{C95D1FD4-3AB2-47D6-814E-CCA2147FFE0F}.Release|Any CPU.ActiveCfg = Release|Any CPU
		{C95D1FD4-3AB2-47D6-814E-CCA2147FFE0F}.Release|Any CPU.Build.0 = Release|Any CPU
		{1551F7E9-C685-46F2-AA8D-73A3E0E48DEB}.Debug|Any CPU.ActiveCfg = Debug|Any CPU
		{1551F7E9-C685-46F2-AA8D-73A3E0E48DEB}.Debug|Any CPU.Build.0 = Debug|Any CPU
		{1551F7E9-C685-46F2-AA8D-73A3E0E48DEB}.Release|Any CPU.ActiveCfg = Release|Any CPU
		{1551F7E9-C685-46F2-AA8D-73A3E0E48DEB}.Release|Any CPU.Build.0 = Release|Any CPU
	EndGlobalSection
	GlobalSection(SolutionProperties) = preSolution
		HideSolutionNode = FALSE
	EndGlobalSection
	GlobalSection(NestedProjects) = preSolution
		{C95D1FD4-3AB2-47D6-814E-CCA2147FFE0F} = {0E806203-5DCF-4EF5-9334-68FE44745723}
		{1551F7E9-C685-46F2-AA8D-73A3E0E48DEB} = {0E806203-5DCF-4EF5-9334-68FE44745723}
	EndGlobalSection
EndGlobal
